// !$*UTF8*$!
{
	archiveVersion = 1;
	classes = {
	};
	objectVersion = 46;
	objects = {

/* Begin PBXBuildFile section */
		334822FF15123EDF0081FB5C /* Facebook.m in Sources */ = {isa = PBXBuildFile; fileRef = 334822E415123EDF0081FB5C /* Facebook.m */; };
		3348230215123EDF0081FB5C /* FBDialog.m in Sources */ = {isa = PBXBuildFile; fileRef = 334822E815123EDF0081FB5C /* FBDialog.m */; };
		3348230415123EDF0081FB5C /* FBFrictionlessRequestSettings.m in Sources */ = {isa = PBXBuildFile; fileRef = 334822EA15123EDF0081FB5C /* FBFrictionlessRequestSettings.m */; };
		3348230615123EDF0081FB5C /* FBLoginDialog.m in Sources */ = {isa = PBXBuildFile; fileRef = 334822EC15123EDF0081FB5C /* FBLoginDialog.m */; };
		3348230815123EDF0081FB5C /* FBRequest.m in Sources */ = {isa = PBXBuildFile; fileRef = 334822EE15123EDF0081FB5C /* FBRequest.m */; };
		3348230B15123EDF0081FB5C /* NSObject+SBJSON.m in Sources */ = {isa = PBXBuildFile; fileRef = 334822F215123EDF0081FB5C /* NSObject+SBJSON.m */; };
		3348230D15123EDF0081FB5C /* NSString+SBJSON.m in Sources */ = {isa = PBXBuildFile; fileRef = 334822F415123EDF0081FB5C /* NSString+SBJSON.m */; };
		3348230F15123EDF0081FB5C /* SBJSON.m in Sources */ = {isa = PBXBuildFile; fileRef = 334822F615123EDF0081FB5C /* SBJSON.m */; };
		3348231115123EDF0081FB5C /* SBJsonBase.m in Sources */ = {isa = PBXBuildFile; fileRef = 334822F815123EDF0081FB5C /* SBJsonBase.m */; };
		3348231315123EDF0081FB5C /* SBJsonParser.m in Sources */ = {isa = PBXBuildFile; fileRef = 334822FA15123EDF0081FB5C /* SBJsonParser.m */; };
		3348231515123EDF0081FB5C /* SBJsonWriter.m in Sources */ = {isa = PBXBuildFile; fileRef = 334822FC15123EDF0081FB5C /* SBJsonWriter.m */; };
		AACBBE4A0F95108600F1A2B1 /* Foundation.framework in Frameworks */ = {isa = PBXBuildFile; fileRef = AACBBE490F95108600F1A2B1 /* Foundation.framework */; };
/* End PBXBuildFile section */

/* Begin PBXFileReference section */
		334822E215123EDF0081FB5C /* facebook_ios_sdk_Prefix.pch */ = {isa = PBXFileReference; fileEncoding = 4; lastKnownFileType = sourcecode.c.h; name = facebook_ios_sdk_Prefix.pch; path = Facebook/facebook_ios_sdk_Prefix.pch; sourceTree = "<group>"; };
		334822E315123EDF0081FB5C /* Facebook.h */ = {isa = PBXFileReference; fileEncoding = 4; lastKnownFileType = sourcecode.c.h; name = Facebook.h; path = Facebook/Facebook.h; sourceTree = "<group>"; };
		334822E415123EDF0081FB5C /* Facebook.m */ = {isa = PBXFileReference; fileEncoding = 4; lastKnownFileType = sourcecode.c.objc; name = Facebook.m; path = Facebook/Facebook.m; sourceTree = "<group>"; };
		334822E515123EDF0081FB5C /* FBConnect.h */ = {isa = PBXFileReference; fileEncoding = 4; lastKnownFileType = sourcecode.c.h; name = FBConnect.h; path = Facebook/FBConnect.h; sourceTree = "<group>"; };
		334822E615123EDF0081FB5C /* FBDialog.bundle */ = {isa = PBXFileReference; lastKnownFileType = "wrapper.plug-in"; name = FBDialog.bundle; path = Facebook/FBDialog.bundle; sourceTree = "<group>"; };
		334822E715123EDF0081FB5C /* FBDialog.h */ = {isa = PBXFileReference; fileEncoding = 4; lastKnownFileType = sourcecode.c.h; name = FBDialog.h; path = Facebook/FBDialog.h; sourceTree = "<group>"; };
		334822E815123EDF0081FB5C /* FBDialog.m */ = {isa = PBXFileReference; fileEncoding = 4; lastKnownFileType = sourcecode.c.objc; name = FBDialog.m; path = Facebook/FBDialog.m; sourceTree = "<group>"; };
		334822E915123EDF0081FB5C /* FBFrictionlessRequestSettings.h */ = {isa = PBXFileReference; fileEncoding = 4; lastKnownFileType = sourcecode.c.h; name = FBFrictionlessRequestSettings.h; path = Facebook/FBFrictionlessRequestSettings.h; sourceTree = "<group>"; };
		334822EA15123EDF0081FB5C /* FBFrictionlessRequestSettings.m */ = {isa = PBXFileReference; fileEncoding = 4; lastKnownFileType = sourcecode.c.objc; name = FBFrictionlessRequestSettings.m; path = Facebook/FBFrictionlessRequestSettings.m; sourceTree = "<group>"; };
		334822EB15123EDF0081FB5C /* FBLoginDialog.h */ = {isa = PBXFileReference; fileEncoding = 4; lastKnownFileType = sourcecode.c.h; name = FBLoginDialog.h; path = Facebook/FBLoginDialog.h; sourceTree = "<group>"; };
		334822EC15123EDF0081FB5C /* FBLoginDialog.m */ = {isa = PBXFileReference; fileEncoding = 4; lastKnownFileType = sourcecode.c.objc; name = FBLoginDialog.m; path = Facebook/FBLoginDialog.m; sourceTree = "<group>"; };
		334822ED15123EDF0081FB5C /* FBRequest.h */ = {isa = PBXFileReference; fileEncoding = 4; lastKnownFileType = sourcecode.c.h; name = FBRequest.h; path = Facebook/FBRequest.h; sourceTree = "<group>"; };
		334822EE15123EDF0081FB5C /* FBRequest.m */ = {isa = PBXFileReference; fileEncoding = 4; lastKnownFileType = sourcecode.c.objc; name = FBRequest.m; path = Facebook/FBRequest.m; sourceTree = "<group>"; };
		334822F015123EDF0081FB5C /* JSON.h */ = {isa = PBXFileReference; fileEncoding = 4; lastKnownFileType = sourcecode.c.h; path = JSON.h; sourceTree = "<group>"; };
		334822F115123EDF0081FB5C /* NSObject+SBJSON.h */ = {isa = PBXFileReference; fileEncoding = 4; lastKnownFileType = sourcecode.c.h; path = "NSObject+SBJSON.h"; sourceTree = "<group>"; };
		334822F215123EDF0081FB5C /* NSObject+SBJSON.m */ = {isa = PBXFileReference; fileEncoding = 4; lastKnownFileType = sourcecode.c.objc; path = "NSObject+SBJSON.m"; sourceTree = "<group>"; };
		334822F315123EDF0081FB5C /* NSString+SBJSON.h */ = {isa = PBXFileReference; fileEncoding = 4; lastKnownFileType = sourcecode.c.h; path = "NSString+SBJSON.h"; sourceTree = "<group>"; };
		334822F415123EDF0081FB5C /* NSString+SBJSON.m */ = {isa = PBXFileReference; fileEncoding = 4; lastKnownFileType = sourcecode.c.objc; path = "NSString+SBJSON.m"; sourceTree = "<group>"; };
		334822F515123EDF0081FB5C /* SBJSON.h */ = {isa = PBXFileReference; fileEncoding = 4; lastKnownFileType = sourcecode.c.h; path = SBJSON.h; sourceTree = "<group>"; };
		334822F615123EDF0081FB5C /* SBJSON.m */ = {isa = PBXFileReference; fileEncoding = 4; lastKnownFileType = sourcecode.c.objc; path = SBJSON.m; sourceTree = "<group>"; };
		334822F715123EDF0081FB5C /* SBJsonBase.h */ = {isa = PBXFileReference; fileEncoding = 4; lastKnownFileType = sourcecode.c.h; path = SBJsonBase.h; sourceTree = "<group>"; };
		334822F815123EDF0081FB5C /* SBJsonBase.m */ = {isa = PBXFileReference; fileEncoding = 4; lastKnownFileType = sourcecode.c.objc; path = SBJsonBase.m; sourceTree = "<group>"; };
		334822F915123EDF0081FB5C /* SBJsonParser.h */ = {isa = PBXFileReference; fileEncoding = 4; lastKnownFileType = sourcecode.c.h; path = SBJsonParser.h; sourceTree = "<group>"; };
		334822FA15123EDF0081FB5C /* SBJsonParser.m */ = {isa = PBXFileReference; fileEncoding = 4; lastKnownFileType = sourcecode.c.objc; path = SBJsonParser.m; sourceTree = "<group>"; };
		334822FB15123EDF0081FB5C /* SBJsonWriter.h */ = {isa = PBXFileReference; fileEncoding = 4; lastKnownFileType = sourcecode.c.h; path = SBJsonWriter.h; sourceTree = "<group>"; };
		334822FC15123EDF0081FB5C /* SBJsonWriter.m */ = {isa = PBXFileReference; fileEncoding = 4; lastKnownFileType = sourcecode.c.objc; path = SBJsonWriter.m; sourceTree = "<group>"; };
		AACBBE490F95108600F1A2B1 /* Foundation.framework */ = {isa = PBXFileReference; lastKnownFileType = wrapper.framework; name = Foundation.framework; path = System/Library/Frameworks/Foundation.framework; sourceTree = SDKROOT; };
		D2AAC07E0554694100DB518D /* libfacebook_ios_sdk.a */ = {isa = PBXFileReference; explicitFileType = archive.ar; includeInIndex = 0; path = libfacebook_ios_sdk.a; sourceTree = BUILT_PRODUCTS_DIR; };
/* End PBXFileReference section */

/* Begin PBXFrameworksBuildPhase section */
		D2AAC07C0554694100DB518D /* Frameworks */ = {
			isa = PBXFrameworksBuildPhase;
			buildActionMask = 2147483647;
			files = (
				AACBBE4A0F95108600F1A2B1 /* Foundation.framework in Frameworks */,
			);
			runOnlyForDeploymentPostprocessing = 0;
		};
/* End PBXFrameworksBuildPhase section */

/* Begin PBXGroup section */
		034768DFFF38A50411DB9C8B /* Products */ = {
			isa = PBXGroup;
			children = (
				D2AAC07E0554694100DB518D /* libfacebook_ios_sdk.a */,
			);
			name = Products;
			sourceTree = "<group>";
		};
		0867D691FE84028FC02AAC07 /* facebook-ios-sdk */ = {
			isa = PBXGroup;
			children = (
				334822E215123EDF0081FB5C /* facebook_ios_sdk_Prefix.pch */,
				334822E315123EDF0081FB5C /* Facebook.h */,
				334822E415123EDF0081FB5C /* Facebook.m */,
				334822E515123EDF0081FB5C /* FBConnect.h */,
				334822E615123EDF0081FB5C /* FBDialog.bundle */,
				334822E715123EDF0081FB5C /* FBDialog.h */,
				334822E815123EDF0081FB5C /* FBDialog.m */,
				334822E915123EDF0081FB5C /* FBFrictionlessRequestSettings.h */,
				334822EA15123EDF0081FB5C /* FBFrictionlessRequestSettings.m */,
				334822EB15123EDF0081FB5C /* FBLoginDialog.h */,
				334822EC15123EDF0081FB5C /* FBLoginDialog.m */,
				334822ED15123EDF0081FB5C /* FBRequest.h */,
				334822EE15123EDF0081FB5C /* FBRequest.m */,
				334822EF15123EDF0081FB5C /* JSON */,
				0867D69AFE84028FC02AAC07 /* Frameworks */,
				034768DFFF38A50411DB9C8B /* Products */,
			);
			name = "facebook-ios-sdk";
			sourceTree = "<group>";
		};
		0867D69AFE84028FC02AAC07 /* Frameworks */ = {
			isa = PBXGroup;
			children = (
				AACBBE490F95108600F1A2B1 /* Foundation.framework */,
			);
			name = Frameworks;
			sourceTree = "<group>";
		};
		334822EF15123EDF0081FB5C /* JSON */ = {
			isa = PBXGroup;
			children = (
				334822F015123EDF0081FB5C /* JSON.h */,
				334822F115123EDF0081FB5C /* NSObject+SBJSON.h */,
				334822F215123EDF0081FB5C /* NSObject+SBJSON.m */,
				334822F315123EDF0081FB5C /* NSString+SBJSON.h */,
				334822F415123EDF0081FB5C /* NSString+SBJSON.m */,
				334822F515123EDF0081FB5C /* SBJSON.h */,
				334822F615123EDF0081FB5C /* SBJSON.m */,
				334822F715123EDF0081FB5C /* SBJsonBase.h */,
				334822F815123EDF0081FB5C /* SBJsonBase.m */,
				334822F915123EDF0081FB5C /* SBJsonParser.h */,
				334822FA15123EDF0081FB5C /* SBJsonParser.m */,
				334822FB15123EDF0081FB5C /* SBJsonWriter.h */,
				334822FC15123EDF0081FB5C /* SBJsonWriter.m */,
			);
			name = JSON;
			path = Facebook/JSON;
			sourceTree = "<group>";
		};
/* End PBXGroup section */

/* Begin PBXHeadersBuildPhase section */
		D2AAC07A0554694100DB518D /* Headers */ = {
			isa = PBXHeadersBuildPhase;
			buildActionMask = 2147483647;
			files = (
			);
			runOnlyForDeploymentPostprocessing = 0;
		};
/* End PBXHeadersBuildPhase section */

/* Begin PBXNativeTarget section */
		D2AAC07D0554694100DB518D /* facebook-ios-sdk */ = {
			isa = PBXNativeTarget;
			buildConfigurationList = 1DEB921E08733DC00010E9CD /* Build configuration list for PBXNativeTarget "facebook-ios-sdk" */;
			buildPhases = (
				D2AAC07A0554694100DB518D /* Headers */,
				D2AAC07B0554694100DB518D /* Sources */,
				D2AAC07C0554694100DB518D /* Frameworks */,
			);
			buildRules = (
			);
			dependencies = (
			);
			name = "facebook-ios-sdk";
			productName = "facebook-ios-sdk";
			productReference = D2AAC07E0554694100DB518D /* libfacebook_ios_sdk.a */;
			productType = "com.apple.product-type.library.static";
		};
/* End PBXNativeTarget section */

/* Begin PBXProject section */
		0867D690FE84028FC02AAC07 /* Project object */ = {
			isa = PBXProject;
			attributes = {
				LastUpgradeCheck = 0420;
			};
			buildConfigurationList = 1DEB922208733DC00010E9CD /* Build configuration list for PBXProject "facebook-ios-sdk" */;
			compatibilityVersion = "Xcode 3.2";
			developmentRegion = English;
			hasScannedForEncodings = 1;
			knownRegions = (
				en,
			);
			mainGroup = 0867D691FE84028FC02AAC07 /* facebook-ios-sdk */;
			productRefGroup = 034768DFFF38A50411DB9C8B /* Products */;
			projectDirPath = "";
			projectRoot = "";
			targets = (
				D2AAC07D0554694100DB518D /* facebook-ios-sdk */,
			);
		};
/* End PBXProject section */

/* Begin PBXSourcesBuildPhase section */
		D2AAC07B0554694100DB518D /* Sources */ = {
			isa = PBXSourcesBuildPhase;
			buildActionMask = 2147483647;
			files = (
				334822FF15123EDF0081FB5C /* Facebook.m in Sources */,
				3348230215123EDF0081FB5C /* FBDialog.m in Sources */,
				3348230415123EDF0081FB5C /* FBFrictionlessRequestSettings.m in Sources */,
				3348230615123EDF0081FB5C /* FBLoginDialog.m in Sources */,
				3348230815123EDF0081FB5C /* FBRequest.m in Sources */,
				3348230B15123EDF0081FB5C /* NSObject+SBJSON.m in Sources */,
				3348230D15123EDF0081FB5C /* NSString+SBJSON.m in Sources */,
				3348230F15123EDF0081FB5C /* SBJSON.m in Sources */,
				3348231115123EDF0081FB5C /* SBJsonBase.m in Sources */,
				3348231315123EDF0081FB5C /* SBJsonParser.m in Sources */,
				3348231515123EDF0081FB5C /* SBJsonWriter.m in Sources */,
			);
			runOnlyForDeploymentPostprocessing = 0;
		};
/* End PBXSourcesBuildPhase section */

/* Begin XCBuildConfiguration section */
		1DEB921F08733DC00010E9CD /* Debug */ = {
			isa = XCBuildConfiguration;
			buildSettings = {
				ALWAYS_SEARCH_USER_PATHS = NO;
				ARCHS = "$(ARCHS_STANDARD_32_BIT)";
				COPY_PHASE_STRIP = NO;
				DSTROOT = /tmp/facebook_ios_sdk.dst;
				GCC_DYNAMIC_NO_PIC = NO;
				GCC_MODEL_TUNING = G5;
				GCC_OPTIMIZATION_LEVEL = 0;
				GCC_PRECOMPILE_PREFIX_HEADER = YES;
				GCC_PREFIX_HEADER = facebook_ios_sdk_Prefix.pch;
				INSTALL_PATH = "$(BUILT_PRODUCTS_DIR)";
				PRODUCT_NAME = facebook_ios_sdk;
				PUBLIC_HEADERS_FOLDER_PATH = "$(TARGET_NAME)";
				SDKROOT = iphoneos;
				SKIP_INSTALL = YES;
			};
			name = Debug;
		};
		1DEB922008733DC00010E9CD /* Release */ = {
			isa = XCBuildConfiguration;
			buildSettings = {
				ALWAYS_SEARCH_USER_PATHS = NO;
				ARCHS = "$(ARCHS_STANDARD_32_BIT)";
				DSTROOT = /tmp/facebook_ios_sdk.dst;
				GCC_MODEL_TUNING = G5;
				GCC_PRECOMPILE_PREFIX_HEADER = YES;
				GCC_PREFIX_HEADER = facebook_ios_sdk_Prefix.pch;
				INSTALL_PATH = "$(BUILT_PRODUCTS_DIR)";
				PRODUCT_NAME = facebook_ios_sdk;
				PUBLIC_HEADERS_FOLDER_PATH = "$(TARGET_NAME)";
				SDKROOT = iphoneos;
				SKIP_INSTALL = YES;
			};
			name = Release;
		};
		1DEB922308733DC00010E9CD /* Debug */ = {
			isa = XCBuildConfiguration;
			buildSettings = {
				ARCHS = "$(ARCHS_STANDARD_32_BIT)";
				GCC_C_LANGUAGE_STANDARD = c99;
				GCC_OPTIMIZATION_LEVEL = 0;
				GCC_WARN_ABOUT_RETURN_TYPE = YES;
				GCC_WARN_UNUSED_VARIABLE = YES;
				IPHONEOS_DEPLOYMENT_TARGET = 3.0;
				OTHER_LDFLAGS = "-ObjC";
				SDKROOT = iphoneos;
			};
			name = Debug;
		};
		1DEB922408733DC00010E9CD /* Release */ = {
			isa = XCBuildConfiguration;
			buildSettings = {
				ARCHS = "$(ARCHS_STANDARD_32_BIT)";
				GCC_C_LANGUAGE_STANDARD = c99;
				GCC_WARN_ABOUT_RETURN_TYPE = YES;
				GCC_WARN_UNUSED_VARIABLE = YES;
				IPHONEOS_DEPLOYMENT_TARGET = 3.0;
				OTHER_LDFLAGS = "-ObjC";
				SDKROOT = iphoneos;
			};
			name = Release;
		};
/* End XCBuildConfiguration section */

/* Begin XCConfigurationList section */
		1DEB921E08733DC00010E9CD /* Build configuration list for PBXNativeTarget "facebook-ios-sdk" */ = {
			isa = XCConfigurationList;
			buildConfigurations = (
				1DEB921F08733DC00010E9CD /* Debug */,
				1DEB922008733DC00010E9CD /* Release */,
			);
			defaultConfigurationIsVisible = 0;
			defaultConfigurationName = Release;
		};
		1DEB922208733DC00010E9CD /* Build configuration list for PBXProject "facebook-ios-sdk" */ = {
			isa = XCConfigurationList;
			buildConfigurations = (
				1DEB922308733DC00010E9CD /* Debug */,
				1DEB922408733DC00010E9CD /* Release */,
			);
			defaultConfigurationIsVisible = 0;
			defaultConfigurationName = Release;
		};
/* End XCConfigurationList section */
	};
	rootObject = 0867D690FE84028FC02AAC07 /* Project object */;
}
